
Microsoft Visual Studio Solution File, Format Version 12.00
Project("{2150E333-8FDC-42A3-9474-1A3956D46DE8}") = "src", "src", "{BA2B7BD1-F6BB-474D-AD2E-93025B4DA133}"
EndProject
Project("{FAE04EC0-301F-11D3-BF4B-00C04F79EFBC}") = "WeatherApi", "src\WeatherApi\WeatherApi.csproj", "{832AF992-5424-4394-9A3C-707DE718D60C}"
EndProject
Global
	GlobalSection(SolutionConfigurationPlatforms) = preSolution
		Debug|Any CPU = Debug|Any CPU
		Release|Any CPU = Release|Any CPU
	EndGlobalSection
	GlobalSection(NestedProjects) = preSolution
		{832AF992-5424-4394-9A3C-707DE718D60C} = {BA2B7BD1-F6BB-474D-AD2E-93025B4DA133}
	EndGlobalSection
	GlobalSection(ProjectConfigurationPlatforms) = postSolution
		{832AF992-5424-4394-9A3C-707DE718D60C}.Debug|Any CPU.ActiveCfg = Debug|Any CPU
		{832AF992-5424-4394-9A3C-707DE718D60C}.Debug|Any CPU.Build.0 = Debug|Any CPU
		{832AF992-5424-4394-9A3C-707DE718D60C}.Release|Any CPU.ActiveCfg = Release|Any CPU
		{832AF992-5424-4394-9A3C-707DE718D60C}.Release|Any CPU.Build.0 = Release|Any CPU
	EndGlobalSection
EndGlobal
